PODS:
  - AppCenter (3.1.1):
    - AppCenter/Analytics (= 3.1.1)
    - AppCenter/Crashes (= 3.1.1)
  - AppCenter/Analytics (3.1.1):
    - AppCenter/Core
  - AppCenter/Core (3.1.1)
  - AppCenter/Crashes (3.1.1):
    - AppCenter/Core
  - Sparkle (1.21.3)

DEPENDENCIES:
  - AppCenter
  - Sparkle

SPEC REPOS:
  trunk:
    - AppCenter
    - Sparkle

SPEC CHECKSUMS:
  AppCenter: 513d32888854d67d8cfbd3a8db16aeb5fb2e2a75
  Sparkle: 3f75576db8b0265adef36c43249d747f22d0b708

PODFILE CHECKSUM: ebf053744efa402d907d7549007bbf6d6dd9abd1

COCOAPODS: 1.9.1
