// !$*UTF8*$!
{
	archiveVersion = 1;
	classes = {
	};
	objectVersion = 51;
	objects = {

/* Begin PBXBuildFile section */
		9CA52AB940C28A2A4640DDF7 /* Pods_Mr__Puppet_Hub.framework in Frameworks */ = {isa = PBXBuildFile; fileRef = F97E8DDDBC49DD7BAB1751ED /* Pods_Mr__Puppet_Hub.framework */; };
		BC073BE922EF1A7B00A366EF /* Server.swift in Sources */ = {isa = PBXBuildFile; fileRef = BC073BE822EF1A7B00A366EF /* Server.swift */; };
		BC073C0822EF2EC900A366EF /* libSwiftSerial.a in Frameworks */ = {isa = PBXBuildFile; fileRef = BCD8C91D22EA0A9B00FE7CD4 /* libSwiftSerial.a */; };
		BC073C4422F069BA00A366EF /* libwebsockets.a in Frameworks */ = {isa = PBXBuildFile; fileRef = BC073C4122F0699A00A366EF /* libwebsockets.a */; };
		BC073C4522F069BC00A366EF /* libwebsockets.dylib in Embed Libraries */ = {isa = PBXBuildFile; fileRef = BC073C4322F0699A00A366EF /* libwebsockets.dylib */; settings = {ATTRIBUTES = (CodeSignOnCopy, ); }; };
		BC68360C2347B5BC009B0229 /* DeviceMenuDelegate.swift in Sources */ = {isa = PBXBuildFile; fileRef = BC68360B2347B5BC009B0229 /* DeviceMenuDelegate.swift */; };
		BC6836142347B5E3009B0229 /* Controller.swift in Sources */ = {isa = PBXBuildFile; fileRef = BC6836132347B5E3009B0229 /* Controller.swift */; };
		BC6836162347B749009B0229 /* DriverInfo.swift in Sources */ = {isa = PBXBuildFile; fileRef = BC6836152347B749009B0229 /* DriverInfo.swift */; };
		BC762F3D22F358B800694F12 /* Throttler.swift in Sources */ = {isa = PBXBuildFile; fileRef = BC762F3C22F358B800694F12 /* Throttler.swift */; };
		BC762F4722F44DCA00694F12 /* IODevice.swift in Sources */ = {isa = PBXBuildFile; fileRef = BC762F4622F44DCA00694F12 /* IODevice.swift */; };
		BCD8C8F422E9BA5B00FE7CD4 /* AppDelegate.swift in Sources */ = {isa = PBXBuildFile; fileRef = BCD8C8F322E9BA5B00FE7CD4 /* AppDelegate.swift */; };
		BCD8C8F622E9BA5B00FE7CD4 /* Assets.xcassets in Resources */ = {isa = PBXBuildFile; fileRef = BCD8C8F522E9BA5B00FE7CD4 /* Assets.xcassets */; };
		BCD8C8F922E9BA5B00FE7CD4 /* MainMenu.xib in Resources */ = {isa = PBXBuildFile; fileRef = BCD8C8F722E9BA5B00FE7CD4 /* MainMenu.xib */; };
		BCD8C92622EA0A9F00FE7CD4 /* SwiftSerial.swift in Sources */ = {isa = PBXBuildFile; fileRef = BCD8C90922E9BBD500FE7CD4 /* SwiftSerial.swift */; };
		BCD8C92E22EA0E1E00FE7CD4 /* Serial.swift in Sources */ = {isa = PBXBuildFile; fileRef = BCD8C92D22EA0E1E00FE7CD4 /* Serial.swift */; };
/* End PBXBuildFile section */

/* Begin PBXContainerItemProxy section */
		BC073C4022F0699A00A366EF /* PBXContainerItemProxy */ = {
			isa = PBXContainerItemProxy;
			containerPortal = BC073C2D22F0699A00A366EF /* libwebsockets.xcodeproj */;
			proxyType = 2;
			remoteGlobalIDString = 3882BF7341AA4CC5B1E1FC89;
			remoteInfo = websockets;
		};
		BC073C4222F0699A00A366EF /* PBXContainerItemProxy */ = {
			isa = PBXContainerItemProxy;
			containerPortal = BC073C2D22F0699A00A366EF /* libwebsockets.xcodeproj */;
			proxyType = 2;
			remoteGlobalIDString = 79142FE3EDB5480E88763698;
			remoteInfo = websockets_shared;
		};
		BC073C4822F069DD00A366EF /* PBXContainerItemProxy */ = {
			isa = PBXContainerItemProxy;
			containerPortal = BC073C2D22F0699A00A366EF /* libwebsockets.xcodeproj */;
			proxyType = 1;
			remoteGlobalIDString = CD6A979500FA4E7E93F3AB91;
			remoteInfo = websockets;
		};
		BCD8C92722EA0ABA00FE7CD4 /* PBXContainerItemProxy */ = {
			isa = PBXContainerItemProxy;
			containerPortal = BCD8C8E822E9BA5B00FE7CD4 /* Project object */;
			proxyType = 1;
			remoteGlobalIDString = BCD8C91C22EA0A9B00FE7CD4;
			remoteInfo = SwiftSerial;
		};
/* End PBXContainerItemProxy section */

/* Begin PBXCopyFilesBuildPhase section */
		BC073C0B22EF2EE000A366EF /* Embed Libraries */ = {
			isa = PBXCopyFilesBuildPhase;
			buildActionMask = 2147483647;
			dstPath = "";
			dstSubfolderSpec = 10;
			files = (
				BC073C4522F069BC00A366EF /* libwebsockets.dylib in Embed Libraries */,
			);
			name = "Embed Libraries";
			runOnlyForDeploymentPostprocessing = 0;
		};
/* End PBXCopyFilesBuildPhase section */

/* Begin PBXFileReference section */
		4BEEE60E68920CE83776609B /* Pods-Mr. Puppet Hub.release.xcconfig */ = {isa = PBXFileReference; includeInIndex = 1; lastKnownFileType = text.xcconfig; name = "Pods-Mr. Puppet Hub.release.xcconfig"; path = "Target Support Files/Pods-Mr. Puppet Hub/Pods-Mr. Puppet Hub.release.xcconfig"; sourceTree = "<group>"; };
		BC073BE822EF1A7B00A366EF /* Server.swift */ = {isa = PBXFileReference; lastKnownFileType = sourcecode.swift; path = Server.swift; sourceTree = "<group>"; };
		BC073BED22EF1B0400A366EF /* Bridging-Header.h */ = {isa = PBXFileReference; lastKnownFileType = sourcecode.c.h; path = "Bridging-Header.h"; sourceTree = "<group>"; };
		BC073C2D22F0699A00A366EF /* libwebsockets.xcodeproj */ = {isa = PBXFileReference; lastKnownFileType = "wrapper.pb-project"; name = libwebsockets.xcodeproj; path = deps/libwebsockets/libwebsockets.xcodeproj; sourceTree = "<group>"; };
		BC68360B2347B5BC009B0229 /* DeviceMenuDelegate.swift */ = {isa = PBXFileReference; lastKnownFileType = sourcecode.swift; path = DeviceMenuDelegate.swift; sourceTree = "<group>"; };
		BC6836132347B5E3009B0229 /* Controller.swift */ = {isa = PBXFileReference; lastKnownFileType = sourcecode.swift; path = Controller.swift; sourceTree = "<group>"; };
		BC6836152347B749009B0229 /* DriverInfo.swift */ = {isa = PBXFileReference; lastKnownFileType = sourcecode.swift; path = DriverInfo.swift; sourceTree = "<group>"; };
		BC762F3C22F358B800694F12 /* Throttler.swift */ = {isa = PBXFileReference; lastKnownFileType = sourcecode.swift; path = Throttler.swift; sourceTree = "<group>"; };
		BC762F4622F44DCA00694F12 /* IODevice.swift */ = {isa = PBXFileReference; lastKnownFileType = sourcecode.swift; path = IODevice.swift; sourceTree = "<group>"; };
		BCD8C8F022E9BA5B00FE7CD4 /* Mr. Puppet Hub.app */ = {isa = PBXFileReference; explicitFileType = wrapper.application; includeInIndex = 0; path = "Mr. Puppet Hub.app"; sourceTree = BUILT_PRODUCTS_DIR; };
		BCD8C8F322E9BA5B00FE7CD4 /* AppDelegate.swift */ = {isa = PBXFileReference; lastKnownFileType = sourcecode.swift; path = AppDelegate.swift; sourceTree = "<group>"; };
		BCD8C8F522E9BA5B00FE7CD4 /* Assets.xcassets */ = {isa = PBXFileReference; lastKnownFileType = folder.assetcatalog; path = Assets.xcassets; sourceTree = "<group>"; };
		BCD8C8F822E9BA5B00FE7CD4 /* Base */ = {isa = PBXFileReference; lastKnownFileType = file.xib; name = Base; path = Base.lproj/MainMenu.xib; sourceTree = "<group>"; };
		BCD8C8FA22E9BA5B00FE7CD4 /* Info.plist */ = {isa = PBXFileReference; lastKnownFileType = text.plist.xml; path = Info.plist; sourceTree = "<group>"; };
		BCD8C90922E9BBD500FE7CD4 /* SwiftSerial.swift */ = {isa = PBXFileReference; fileEncoding = 4; lastKnownFileType = sourcecode.swift; name = SwiftSerial.swift; path = SwiftSerial/SwiftSerial.swift; sourceTree = SOURCE_ROOT; };
		BCD8C91D22EA0A9B00FE7CD4 /* libSwiftSerial.a */ = {isa = PBXFileReference; explicitFileType = archive.ar; includeInIndex = 0; path = libSwiftSerial.a; sourceTree = BUILT_PRODUCTS_DIR; };
		BCD8C92D22EA0E1E00FE7CD4 /* Serial.swift */ = {isa = PBXFileReference; lastKnownFileType = sourcecode.swift; path = Serial.swift; sourceTree = "<group>"; };
		F97E8DDDBC49DD7BAB1751ED /* Pods_Mr__Puppet_Hub.framework */ = {isa = PBXFileReference; explicitFileType = wrapper.framework; includeInIndex = 0; path = Pods_Mr__Puppet_Hub.framework; sourceTree = BUILT_PRODUCTS_DIR; };
		FAF480D27C41A5330443219E /* Pods-Mr. Puppet Hub.debug.xcconfig */ = {isa = PBXFileReference; includeInIndex = 1; lastKnownFileType = text.xcconfig; name = "Pods-Mr. Puppet Hub.debug.xcconfig"; path = "Target Support Files/Pods-Mr. Puppet Hub/Pods-Mr. Puppet Hub.debug.xcconfig"; sourceTree = "<group>"; };
/* End PBXFileReference section */

/* Begin PBXFrameworksBuildPhase section */
		BCD8C8ED22E9BA5B00FE7CD4 /* Frameworks */ = {
			isa = PBXFrameworksBuildPhase;
			buildActionMask = 2147483647;
			files = (
				BC073C0822EF2EC900A366EF /* libSwiftSerial.a in Frameworks */,
				BC073C4422F069BA00A366EF /* libwebsockets.a in Frameworks */,
				9CA52AB940C28A2A4640DDF7 /* Pods_Mr__Puppet_Hub.framework in Frameworks */,
			);
			runOnlyForDeploymentPostprocessing = 0;
		};
		BCD8C91B22EA0A9B00FE7CD4 /* Frameworks */ = {
			isa = PBXFrameworksBuildPhase;
			buildActionMask = 2147483647;
			files = (
			);
			runOnlyForDeploymentPostprocessing = 0;
		};
/* End PBXFrameworksBuildPhase section */

/* Begin PBXGroup section */
		BC073BFF22EF1DB400A366EF /* Frameworks */ = {
			isa = PBXGroup;
			children = (
				BC073C2D22F0699A00A366EF /* libwebsockets.xcodeproj */,
				F97E8DDDBC49DD7BAB1751ED /* Pods_Mr__Puppet_Hub.framework */,
			);
			name = Frameworks;
			sourceTree = "<group>";
		};
		BC073C2E22F0699A00A366EF /* Products */ = {
			isa = PBXGroup;
			children = (
				BC073C4122F0699A00A366EF /* libwebsockets.a */,
				BC073C4322F0699A00A366EF /* libwebsockets.dylib */,
			);
			name = Products;
			sourceTree = "<group>";
		};
		BCD8C8E722E9BA5B00FE7CD4 = {
			isa = PBXGroup;
			children = (
				BCD8C8F222E9BA5B00FE7CD4 /* Puppet Hub */,
				BCD8C91E22EA0A9B00FE7CD4 /* SwiftSerial */,
				BCD8C8F122E9BA5B00FE7CD4 /* Products */,
				BC073BFF22EF1DB400A366EF /* Frameworks */,
				F59DF20F645FD05FCE8E4778 /* Pods */,
			);
			sourceTree = "<group>";
		};
		BCD8C8F122E9BA5B00FE7CD4 /* Products */ = {
			isa = PBXGroup;
			children = (
				BCD8C8F022E9BA5B00FE7CD4 /* Mr. Puppet Hub.app */,
				BCD8C91D22EA0A9B00FE7CD4 /* libSwiftSerial.a */,
			);
			name = Products;
			sourceTree = "<group>";
		};
		BCD8C8F222E9BA5B00FE7CD4 /* Puppet Hub */ = {
			isa = PBXGroup;
			children = (
				BC073BED22EF1B0400A366EF /* Bridging-Header.h */,
				BCD8C8F322E9BA5B00FE7CD4 /* AppDelegate.swift */,
				BC68360B2347B5BC009B0229 /* DeviceMenuDelegate.swift */,
				BC6836132347B5E3009B0229 /* Controller.swift */,
				BC6836152347B749009B0229 /* DriverInfo.swift */,
				BC762F4622F44DCA00694F12 /* IODevice.swift */,
				BC762F3C22F358B800694F12 /* Throttler.swift */,
				BC073BE822EF1A7B00A366EF /* Server.swift */,
				BCD8C92D22EA0E1E00FE7CD4 /* Serial.swift */,
				BCD8C8F522E9BA5B00FE7CD4 /* Assets.xcassets */,
				BCD8C8F722E9BA5B00FE7CD4 /* MainMenu.xib */,
				BCD8C8FA22E9BA5B00FE7CD4 /* Info.plist */,
			);
			path = "Puppet Hub";
			sourceTree = "<group>";
		};
		BCD8C91E22EA0A9B00FE7CD4 /* SwiftSerial */ = {
			isa = PBXGroup;
			children = (
				BCD8C90922E9BBD500FE7CD4 /* SwiftSerial.swift */,
			);
			path = SwiftSerial;
			sourceTree = "<group>";
		};
		F59DF20F645FD05FCE8E4778 /* Pods */ = {
			isa = PBXGroup;
			children = (
				FAF480D27C41A5330443219E /* Pods-Mr. Puppet Hub.debug.xcconfig */,
				4BEEE60E68920CE83776609B /* Pods-Mr. Puppet Hub.release.xcconfig */,
			);
			path = Pods;
			sourceTree = "<group>";
		};
/* End PBXGroup section */

/* Begin PBXHeadersBuildPhase section */
		BCD8C91922EA0A9B00FE7CD4 /* Headers */ = {
			isa = PBXHeadersBuildPhase;
			buildActionMask = 2147483647;
			files = (
			);
			runOnlyForDeploymentPostprocessing = 0;
		};
/* End PBXHeadersBuildPhase section */

/* Begin PBXNativeTarget section */
		BCD8C8EF22E9BA5B00FE7CD4 /* Mr. Puppet Hub */ = {
			isa = PBXNativeTarget;
			buildConfigurationList = BCD8C8FE22E9BA5B00FE7CD4 /* Build configuration list for PBXNativeTarget "Mr. Puppet Hub" */;
			buildPhases = (
				69E73887112EB455AE8EE214 /* [CP] Check Pods Manifest.lock */,
				BCD8C8EC22E9BA5B00FE7CD4 /* Sources */,
				BCD8C8ED22E9BA5B00FE7CD4 /* Frameworks */,
				BCD8C8EE22E9BA5B00FE7CD4 /* Resources */,
				BC073C0B22EF2EE000A366EF /* Embed Libraries */,
				FA9EAFD7A32424EECF59EFEA /* [CP] Embed Pods Frameworks */,
			);
			buildRules = (
			);
			dependencies = (
				BC073C4922F069DD00A366EF /* PBXTargetDependency */,
				BCD8C92822EA0ABA00FE7CD4 /* PBXTargetDependency */,
			);
			name = "Mr. Puppet Hub";
			productName = "Puppet Master";
			productReference = BCD8C8F022E9BA5B00FE7CD4 /* Mr. Puppet Hub.app */;
			productType = "com.apple.product-type.application";
		};
		BCD8C91C22EA0A9B00FE7CD4 /* SwiftSerial */ = {
			isa = PBXNativeTarget;
			buildConfigurationList = BCD8C92322EA0A9B00FE7CD4 /* Build configuration list for PBXNativeTarget "SwiftSerial" */;
			buildPhases = (
				BCD8C91922EA0A9B00FE7CD4 /* Headers */,
				BCD8C91A22EA0A9B00FE7CD4 /* Sources */,
				BCD8C91B22EA0A9B00FE7CD4 /* Frameworks */,
			);
			buildRules = (
			);
			dependencies = (
			);
			name = SwiftSerial;
			productName = SwiftSerial;
			productReference = BCD8C91D22EA0A9B00FE7CD4 /* libSwiftSerial.a */;
			productType = "com.apple.product-type.library.static";
		};
/* End PBXNativeTarget section */

/* Begin PBXProject section */
		BCD8C8E822E9BA5B00FE7CD4 /* Project object */ = {
			isa = PBXProject;
			attributes = {
				LastSwiftUpdateCheck = 1020;
				LastUpgradeCheck = 1020;
				ORGANIZATIONNAME = "Thinko LLC";
				TargetAttributes = {
					BCD8C8EF22E9BA5B00FE7CD4 = {
						CreatedOnToolsVersion = 10.2.1;
						SystemCapabilities = {
							com.apple.Sandbox = {
								enabled = 0;
							};
						};
					};
					BCD8C91C22EA0A9B00FE7CD4 = {
						CreatedOnToolsVersion = 10.2.1;
					};
				};
			};
			buildConfigurationList = BCD8C8EB22E9BA5B00FE7CD4 /* Build configuration list for PBXProject "Mr. Puppet Hub" */;
			compatibilityVersion = "Xcode 9.3";
			developmentRegion = en;
			hasScannedForEncodings = 0;
			knownRegions = (
				en,
				Base,
			);
			mainGroup = BCD8C8E722E9BA5B00FE7CD4;
			productRefGroup = BCD8C8F122E9BA5B00FE7CD4 /* Products */;
			projectDirPath = "";
			projectReferences = (
				{
					ProductGroup = BC073C2E22F0699A00A366EF /* Products */;
					ProjectRef = BC073C2D22F0699A00A366EF /* libwebsockets.xcodeproj */;
				},
			);
			projectRoot = "";
			targets = (
				BCD8C8EF22E9BA5B00FE7CD4 /* Mr. Puppet Hub */,
				BCD8C91C22EA0A9B00FE7CD4 /* SwiftSerial */,
			);
		};
/* End PBXProject section */

/* Begin PBXReferenceProxy section */
		BC073C4122F0699A00A366EF /* libwebsockets.a */ = {
			isa = PBXReferenceProxy;
			fileType = archive.ar;
			path = libwebsockets.a;
			remoteRef = BC073C4022F0699A00A366EF /* PBXContainerItemProxy */;
			sourceTree = BUILT_PRODUCTS_DIR;
		};
		BC073C4322F0699A00A366EF /* libwebsockets.dylib */ = {
			isa = PBXReferenceProxy;
			fileType = "compiled.mach-o.dylib";
			name = libwebsockets.dylib;
			path = libwebsockets.14.dylib;
			remoteRef = BC073C4222F0699A00A366EF /* PBXContainerItemProxy */;
			sourceTree = BUILT_PRODUCTS_DIR;
		};
/* End PBXReferenceProxy section */

/* Begin PBXResourcesBuildPhase section */
		BCD8C8EE22E9BA5B00FE7CD4 /* Resources */ = {
			isa = PBXResourcesBuildPhase;
			buildActionMask = 2147483647;
			files = (
				BCD8C8F622E9BA5B00FE7CD4 /* Assets.xcassets in Resources */,
				BCD8C8F922E9BA5B00FE7CD4 /* MainMenu.xib in Resources */,
			);
			runOnlyForDeploymentPostprocessing = 0;
		};
/* End PBXResourcesBuildPhase section */

/* Begin PBXShellScriptBuildPhase section */
		69E73887112EB455AE8EE214 /* [CP] Check Pods Manifest.lock */ = {
			isa = PBXShellScriptBuildPhase;
			buildActionMask = 2147483647;
			files = (
			);
			inputFileListPaths = (
			);
			inputPaths = (
				"${PODS_PODFILE_DIR_PATH}/Podfile.lock",
				"${PODS_ROOT}/Manifest.lock",
			);
			name = "[CP] Check Pods Manifest.lock";
			outputFileListPaths = (
			);
			outputPaths = (
				"$(DERIVED_FILE_DIR)/Pods-Mr. Puppet Hub-checkManifestLockResult.txt",
			);
			runOnlyForDeploymentPostprocessing = 0;
			shellPath = /bin/sh;
			shellScript = "diff \"${PODS_PODFILE_DIR_PATH}/Podfile.lock\" \"${PODS_ROOT}/Manifest.lock\" > /dev/null\nif [ $? != 0 ] ; then\n    # print error to STDERR\n    echo \"error: The sandbox is not in sync with the Podfile.lock. Run 'pod install' or update your CocoaPods installation.\" >&2\n    exit 1\nfi\n# This output is used by Xcode 'outputs' to avoid re-running this script phase.\necho \"SUCCESS\" > \"${SCRIPT_OUTPUT_FILE_0}\"\n";
			showEnvVarsInLog = 0;
		};
		FA9EAFD7A32424EECF59EFEA /* [CP] Embed Pods Frameworks */ = {
			isa = PBXShellScriptBuildPhase;
			buildActionMask = 2147483647;
			files = (
			);
			inputFileListPaths = (
				"${PODS_ROOT}/Target Support Files/Pods-Mr. Puppet Hub/Pods-Mr. Puppet Hub-frameworks-${CONFIGURATION}-input-files.xcfilelist",
			);
			name = "[CP] Embed Pods Frameworks";
			outputFileListPaths = (
				"${PODS_ROOT}/Target Support Files/Pods-Mr. Puppet Hub/Pods-Mr. Puppet Hub-frameworks-${CONFIGURATION}-output-files.xcfilelist",
			);
			runOnlyForDeploymentPostprocessing = 0;
			shellPath = /bin/sh;
			shellScript = "\"${PODS_ROOT}/Target Support Files/Pods-Mr. Puppet Hub/Pods-Mr. Puppet Hub-frameworks.sh\"\n";
			showEnvVarsInLog = 0;
		};
/* End PBXShellScriptBuildPhase section */

/* Begin PBXSourcesBuildPhase section */
		BCD8C8EC22E9BA5B00FE7CD4 /* Sources */ = {
			isa = PBXSourcesBuildPhase;
			buildActionMask = 2147483647;
			files = (
				BCD8C8F422E9BA5B00FE7CD4 /* AppDelegate.swift in Sources */,
				BC762F4722F44DCA00694F12 /* IODevice.swift in Sources */,
				BC073BE922EF1A7B00A366EF /* Server.swift in Sources */,
				BC6836162347B749009B0229 /* DriverInfo.swift in Sources */,
				BC68360C2347B5BC009B0229 /* DeviceMenuDelegate.swift in Sources */,
				BC762F3D22F358B800694F12 /* Throttler.swift in Sources */,
				BCD8C92E22EA0E1E00FE7CD4 /* Serial.swift in Sources */,
				BC6836142347B5E3009B0229 /* Controller.swift in Sources */,
			);
			runOnlyForDeploymentPostprocessing = 0;
		};
		BCD8C91A22EA0A9B00FE7CD4 /* Sources */ = {
			isa = PBXSourcesBuildPhase;
			buildActionMask = 2147483647;
			files = (
				BCD8C92622EA0A9F00FE7CD4 /* SwiftSerial.swift in Sources */,
			);
			runOnlyForDeploymentPostprocessing = 0;
		};
/* End PBXSourcesBuildPhase section */

/* Begin PBXTargetDependency section */
		BC073C4922F069DD00A366EF /* PBXTargetDependency */ = {
			isa = PBXTargetDependency;
			name = websockets;
			targetProxy = BC073C4822F069DD00A366EF /* PBXContainerItemProxy */;
		};
		BCD8C92822EA0ABA00FE7CD4 /* PBXTargetDependency */ = {
			isa = PBXTargetDependency;
			target = BCD8C91C22EA0A9B00FE7CD4 /* SwiftSerial */;
			targetProxy = BCD8C92722EA0ABA00FE7CD4 /* PBXContainerItemProxy */;
		};
/* End PBXTargetDependency section */

/* Begin PBXVariantGroup section */
		BCD8C8F722E9BA5B00FE7CD4 /* MainMenu.xib */ = {
			isa = PBXVariantGroup;
			children = (
				BCD8C8F822E9BA5B00FE7CD4 /* Base */,
			);
			name = MainMenu.xib;
			sourceTree = "<group>";
		};
/* End PBXVariantGroup section */

/* Begin XCBuildConfiguration section */
		BCD8C8FC22E9BA5B00FE7CD4 /* Debug */ = {
			isa = XCBuildConfiguration;
			buildSettings = {
				ALWAYS_SEARCH_USER_PATHS = NO;
				CLANG_ANALYZER_NONNULL = YES;
				CLANG_ANALYZER_NUMBER_OBJECT_CONVERSION = YES_AGGRESSIVE;
				CLANG_CXX_LANGUAGE_STANDARD = "gnu++14";
				CLANG_CXX_LIBRARY = "libc++";
				CLANG_ENABLE_MODULES = YES;
				CLANG_ENABLE_OBJC_ARC = YES;
				CLANG_ENABLE_OBJC_WEAK = YES;
				CLANG_WARN_BLOCK_CAPTURE_AUTORELEASING = YES;
				CLANG_WARN_BOOL_CONVERSION = YES;
				CLANG_WARN_COMMA = YES;
				CLANG_WARN_CONSTANT_CONVERSION = YES;
				CLANG_WARN_DEPRECATED_OBJC_IMPLEMENTATIONS = YES;
				CLANG_WARN_DIRECT_OBJC_ISA_USAGE = YES_ERROR;
				CLANG_WARN_DOCUMENTATION_COMMENTS = YES;
				CLANG_WARN_EMPTY_BODY = YES;
				CLANG_WARN_ENUM_CONVERSION = YES;
				CLANG_WARN_INFINITE_RECURSION = YES;
				CLANG_WARN_INT_CONVERSION = YES;
				CLANG_WARN_NON_LITERAL_NULL_CONVERSION = YES;
				CLANG_WARN_OBJC_IMPLICIT_RETAIN_SELF = YES;
				CLANG_WARN_OBJC_LITERAL_CONVERSION = YES;
				CLANG_WARN_OBJC_ROOT_CLASS = YES_ERROR;
				CLANG_WARN_RANGE_LOOP_ANALYSIS = YES;
				CLANG_WARN_STRICT_PROTOTYPES = YES;
				CLANG_WARN_SUSPICIOUS_MOVE = YES;
				CLANG_WARN_UNGUARDED_AVAILABILITY = YES_AGGRESSIVE;
				CLANG_WARN_UNREACHABLE_CODE = YES;
				CLANG_WARN__DUPLICATE_METHOD_MATCH = YES;
				CODE_SIGN_IDENTITY = "Mac Developer";
				COPY_PHASE_STRIP = NO;
				DEBUG_INFORMATION_FORMAT = dwarf;
				ENABLE_STRICT_OBJC_MSGSEND = YES;
				ENABLE_TESTABILITY = YES;
				GCC_C_LANGUAGE_STANDARD = gnu11;
				GCC_DYNAMIC_NO_PIC = NO;
				GCC_NO_COMMON_BLOCKS = YES;
				GCC_OPTIMIZATION_LEVEL = 0;
				GCC_PREPROCESSOR_DEFINITIONS = (
					"DEBUG=1",
					"$(inherited)",
				);
				GCC_WARN_64_TO_32_BIT_CONVERSION = YES;
				GCC_WARN_ABOUT_RETURN_TYPE = YES_ERROR;
				GCC_WARN_UNDECLARED_SELECTOR = YES;
				GCC_WARN_UNINITIALIZED_AUTOS = YES_AGGRESSIVE;
				GCC_WARN_UNUSED_FUNCTION = YES;
				GCC_WARN_UNUSED_VARIABLE = YES;
				MACOSX_DEPLOYMENT_TARGET = 10.12;
				MTL_ENABLE_DEBUG_INFO = INCLUDE_SOURCE;
				MTL_FAST_MATH = YES;
				ONLY_ACTIVE_ARCH = YES;
				SDKROOT = macosx;
				SWIFT_ACTIVE_COMPILATION_CONDITIONS = DEBUG;
				SWIFT_OPTIMIZATION_LEVEL = "-Onone";
				SWIFT_VERSION = 5.0;
			};
			name = Debug;
		};
		BCD8C8FD22E9BA5B00FE7CD4 /* Release */ = {
			isa = XCBuildConfiguration;
			buildSettings = {
				ALWAYS_SEARCH_USER_PATHS = NO;
				CLANG_ANALYZER_NONNULL = YES;
				CLANG_ANALYZER_NUMBER_OBJECT_CONVERSION = YES_AGGRESSIVE;
				CLANG_CXX_LANGUAGE_STANDARD = "gnu++14";
				CLANG_CXX_LIBRARY = "libc++";
				CLANG_ENABLE_MODULES = YES;
				CLANG_ENABLE_OBJC_ARC = YES;
				CLANG_ENABLE_OBJC_WEAK = YES;
				CLANG_WARN_BLOCK_CAPTURE_AUTORELEASING = YES;
				CLANG_WARN_BOOL_CONVERSION = YES;
				CLANG_WARN_COMMA = YES;
				CLANG_WARN_CONSTANT_CONVERSION = YES;
				CLANG_WARN_DEPRECATED_OBJC_IMPLEMENTATIONS = YES;
				CLANG_WARN_DIRECT_OBJC_ISA_USAGE = YES_ERROR;
				CLANG_WARN_DOCUMENTATION_COMMENTS = YES;
				CLANG_WARN_EMPTY_BODY = YES;
				CLANG_WARN_ENUM_CONVERSION = YES;
				CLANG_WARN_INFINITE_RECURSION = YES;
				CLANG_WARN_INT_CONVERSION = YES;
				CLANG_WARN_NON_LITERAL_NULL_CONVERSION = YES;
				CLANG_WARN_OBJC_IMPLICIT_RETAIN_SELF = YES;
				CLANG_WARN_OBJC_LITERAL_CONVERSION = YES;
				CLANG_WARN_OBJC_ROOT_CLASS = YES_ERROR;
				CLANG_WARN_RANGE_LOOP_ANALYSIS = YES;
				CLANG_WARN_STRICT_PROTOTYPES = YES;
				CLANG_WARN_SUSPICIOUS_MOVE = YES;
				CLANG_WARN_UNGUARDED_AVAILABILITY = YES_AGGRESSIVE;
				CLANG_WARN_UNREACHABLE_CODE = YES;
				CLANG_WARN__DUPLICATE_METHOD_MATCH = YES;
				CODE_SIGN_IDENTITY = "Mac Developer";
				COPY_PHASE_STRIP = NO;
				DEBUG_INFORMATION_FORMAT = "dwarf-with-dsym";
				ENABLE_NS_ASSERTIONS = NO;
				ENABLE_STRICT_OBJC_MSGSEND = YES;
				GCC_C_LANGUAGE_STANDARD = gnu11;
				GCC_NO_COMMON_BLOCKS = YES;
				GCC_WARN_64_TO_32_BIT_CONVERSION = YES;
				GCC_WARN_ABOUT_RETURN_TYPE = YES_ERROR;
				GCC_WARN_UNDECLARED_SELECTOR = YES;
				GCC_WARN_UNINITIALIZED_AUTOS = YES_AGGRESSIVE;
				GCC_WARN_UNUSED_FUNCTION = YES;
				GCC_WARN_UNUSED_VARIABLE = YES;
				MACOSX_DEPLOYMENT_TARGET = 10.12;
				MTL_ENABLE_DEBUG_INFO = NO;
				MTL_FAST_MATH = YES;
				SDKROOT = macosx;
				SWIFT_COMPILATION_MODE = wholemodule;
				SWIFT_OPTIMIZATION_LEVEL = "-O";
				SWIFT_VERSION = 5.0;
			};
			name = Release;
		};
		BCD8C8FF22E9BA5B00FE7CD4 /* Debug */ = {
			isa = XCBuildConfiguration;
			baseConfigurationReference = FAF480D27C41A5330443219E /* Pods-Mr. Puppet Hub.debug.xcconfig */;
			buildSettings = {
				ASSETCATALOG_COMPILER_APPICON_NAME = AppIcon;
				CODE_SIGN_STYLE = Automatic;
				COMBINE_HIDPI_IMAGES = YES;
				DEVELOPMENT_TEAM = H7BXRR563Q;
				HEADER_SEARCH_PATHS = (
					"$(SRCROOT)/deps/libwebsockets/include",
					"$(SRCROOT)/deps/libwebsockets/plugins",
					"$(SRCROOT)/deps/libwebsockets/",
					"$(SRCROOT)/deps/libwebsockets/lib",
				);
				INFOPLIST_FILE = "Puppet Hub/Info.plist";
				LD_RUNPATH_SEARCH_PATHS = (
					"$(inherited)",
					"@executable_path/../Frameworks",
				);
				LIBRARY_SEARCH_PATHS = "$(SRCROOT)/deps/libwebsockets/lib/Debug/**";
				MARKETING_VERSION = 1.1;
				OTHER_LDFLAGS = (
					"-Wl,-search_paths_first",
					"-Wl,-headerpad_max_install_names",
					"$(SRCROOT)/deps/libwebsockets/lib/Debug/libwebsockets.a",
					"-lm",
				);
				PRODUCT_BUNDLE_IDENTIFIER = "com.thinko.Puppet-Hub";
				PRODUCT_NAME = "$(TARGET_NAME)";
				SWIFT_OBJC_BRIDGING_HEADER = "Puppet Hub/Bridging-Header.h";
			};
			name = Debug;
		};
		BCD8C90022E9BA5B00FE7CD4 /* Release */ = {
			isa = XCBuildConfiguration;
			baseConfigurationReference = 4BEEE60E68920CE83776609B /* Pods-Mr. Puppet Hub.release.xcconfig */;
			buildSettings = {
				ASSETCATALOG_COMPILER_APPICON_NAME = AppIcon;
				CODE_SIGN_STYLE = Automatic;
				COMBINE_HIDPI_IMAGES = YES;
				DEVELOPMENT_TEAM = H7BXRR563Q;
				HEADER_SEARCH_PATHS = (
					"$(SRCROOT)/deps/libwebsockets/include",
					"$(SRCROOT)/deps/libwebsockets/plugins",
					"$(SRCROOT)/deps/libwebsockets/",
					"$(SRCROOT)/deps/libwebsockets/lib",
				);
				INFOPLIST_FILE = "Puppet Hub/Info.plist";
				LD_RUNPATH_SEARCH_PATHS = (
					"$(inherited)",
					"@executable_path/../Frameworks",
				);
				LIBRARY_SEARCH_PATHS = "$(SRCROOT)/deps/libwebsockets/lib/Debug/**";
				MARKETING_VERSION = 1.1;
				OTHER_LDFLAGS = (
					"-Wl,-search_paths_first",
					"-Wl,-headerpad_max_install_names",
					"$(SRCROOT)/deps/libwebsockets/lib/Debug/libwebsockets.a",
					"-lm",
				);
				PRODUCT_BUNDLE_IDENTIFIER = "com.thinko.Puppet-Hub";
				PRODUCT_NAME = "$(TARGET_NAME)";
				SWIFT_OBJC_BRIDGING_HEADER = "Puppet Hub/Bridging-Header.h";
			};
			name = Release;
		};
		BCD8C92422EA0A9B00FE7CD4 /* Debug */ = {
			isa = XCBuildConfiguration;
			buildSettings = {
				CODE_SIGN_STYLE = Automatic;
				DEVELOPMENT_TEAM = H7BXRR563Q;
				EXECUTABLE_PREFIX = lib;
				PRODUCT_NAME = "$(TARGET_NAME)";
				SKIP_INSTALL = YES;
			};
			name = Debug;
		};
		BCD8C92522EA0A9B00FE7CD4 /* Release */ = {
			isa = XCBuildConfiguration;
			buildSettings = {
				CODE_SIGN_STYLE = Automatic;
				DEVELOPMENT_TEAM = H7BXRR563Q;
				EXECUTABLE_PREFIX = lib;
				PRODUCT_NAME = "$(TARGET_NAME)";
				SKIP_INSTALL = YES;
			};
			name = Release;
		};
/* End XCBuildConfiguration section */

/* Begin XCConfigurationList section */
		BCD8C8EB22E9BA5B00FE7CD4 /* Build configuration list for PBXProject "Mr. Puppet Hub" */ = {
			isa = XCConfigurationList;
			buildConfigurations = (
				BCD8C8FC22E9BA5B00FE7CD4 /* Debug */,
				BCD8C8FD22E9BA5B00FE7CD4 /* Release */,
			);
			defaultConfigurationIsVisible = 0;
			defaultConfigurationName = Release;
		};
		BCD8C8FE22E9BA5B00FE7CD4 /* Build configuration list for PBXNativeTarget "Mr. Puppet Hub" */ = {
			isa = XCConfigurationList;
			buildConfigurations = (
				BCD8C8FF22E9BA5B00FE7CD4 /* Debug */,
				BCD8C90022E9BA5B00FE7CD4 /* Release */,
			);
			defaultConfigurationIsVisible = 0;
			defaultConfigurationName = Release;
		};
		BCD8C92322EA0A9B00FE7CD4 /* Build configuration list for PBXNativeTarget "SwiftSerial" */ = {
			isa = XCConfigurationList;
			buildConfigurations = (
				BCD8C92422EA0A9B00FE7CD4 /* Debug */,
				BCD8C92522EA0A9B00FE7CD4 /* Release */,
			);
			defaultConfigurationIsVisible = 0;
			defaultConfigurationName = Release;
		};
/* End XCConfigurationList section */
	};
	rootObject = BCD8C8E822E9BA5B00FE7CD4 /* Project object */;
}
